
Microsoft Visual Studio Solution File, Format Version 12.00
# Visual Studio 15
VisualStudioVersion = 15.0.26730.15
MinimumVisualStudioVersion = 10.0.40219.1
Project("{FAE04EC0-301F-11D3-BF4B-00C04F79EFBC}") = "Cymbalists", "Cymbalists\Cymbalists.csproj", "{DF3B0242-40ED-411A-998B-FFA7A262B4DA}"
EndProject
Global
	GlobalSection(SolutionConfigurationPlatforms) = preSolution
		Debug|Any CPU = Debug|Any CPU
		Release|Any CPU = Release|Any CPU
	EndGlobalSection
	GlobalSection(ProjectConfigurationPlatforms) = postSolution
		{DF3B0242-40ED-411A-998B-FFA7A262B4DA}.Debug|Any CPU.ActiveCfg = Debug|Any CPU
		{DF3B0242-40ED-411A-998B-FFA7A262B4DA}.Debug|Any CPU.Build.0 = Debug|Any CPU
		{DF3B0242-40ED-411A-998B-FFA7A262B4DA}.Release|Any CPU.ActiveCfg = Release|Any CPU
		{DF3B0242-40ED-411A-998B-FFA7A262B4DA}.Release|Any CPU.Build.0 = Release|Any CPU
	EndGlobalSection
	GlobalSection(SolutionProperties) = preSolution
		HideSolutionNode = FALSE
	EndGlobalSection
	GlobalSection(ExtensibilityGlobals) = postSolution
		SolutionGuid = {1D78F7DF-9047-479F-B9E2-208E8FEB7546}
	EndGlobalSection
EndGlobal
